github.com/go-simd/matchlen v0.5.0 h1:PNEUL78U0nbp5uUUNYo9O6qEPUrPP8xQLYISh+jIUeo=
github.com/go-simd/matchlen v0.5.0/go.mod h1:VU2nigACIuhFKuK2ZyWUIlQLLPzkzAxSz6L+VH7aIL8=
golang.org/x/sys v0.48.0 h1:bbX/i/6MgT9BVLM9RT1thmxL04yeTAhbEz4SyadbXoo=
golang.org/x/sys v0.48.0/go.mod h1:hNLxWAXmnKAxqDtdwIYC4bM9oQPEecfsnNMuSxOs3og=
